
Microsoft Visual Studio Solution File, Format Version 12.00
# Visual Studio Version 16
VisualStudioVersion = 16.0.30225.117
MinimumVisualStudioVersion = 10.0.40219.1
Project("{FAE04EC0-301F-11D3-BF4B-00C04F79EFBC}") = "WebAppTalent", "WebAppTalent\WebAppTalent.csproj", "{5C13DC5E-3C48-443F-B774-79FCD50A4158}"
EndProject
Global
	GlobalSection(SolutionConfigurationPlatforms) = preSolution
		Debug|Any CPU = Debug|Any CPU
		Release|Any CPU = Release|Any CPU
	EndGlobalSection
	GlobalSection(ProjectConfigurationPlatforms) = postSolution
		{5C13DC5E-3C48-443F-B774-79FCD50A4158}.Debug|Any CPU.ActiveCfg = Debug|Any CPU
		{5C13DC5E-3C48-443F-B774-79FCD50A4158}.Debug|Any CPU.Build.0 = Debug|Any CPU
		{5C13DC5E-3C48-443F-B774-79FCD50A4158}.Release|Any CPU.ActiveCfg = Release|Any CPU
		{5C13DC5E-3C48-443F-B774-79FCD50A4158}.Release|Any CPU.Build.0 = Release|Any CPU
	EndGlobalSection
	GlobalSection(SolutionProperties) = preSolution
		HideSolutionNode = FALSE
	EndGlobalSection
	GlobalSection(ExtensibilityGlobals) = postSolution
		SolutionGuid = {B4FA0B96-474F-4A6C-BBBB-C9858BD0DC44}
	EndGlobalSection
EndGlobal
