
Microsoft Visual Studio Solution File, Format Version 12.00
# Visual Studio Version 16
VisualStudioVersion = 16.0.30225.117
MinimumVisualStudioVersion = 10.0.40219.1
Project("{FAE04EC0-301F-11D3-BF4B-00C04F79EFBC}") = "WebApi", "WebApi\WebApi.csproj", "{D7BDFB26-201F-4988-94C2-C97B315ED7B1}"
EndProject
Project("{FAE04EC0-301F-11D3-BF4B-00C04F79EFBC}") = "DataBD", "DataBD\DataBD.csproj", "{E324C6E0-DC99-4B97-9463-7B88B822DC68}"
EndProject
Global
	GlobalSection(SolutionConfigurationPlatforms) = preSolution
		Debug|Any CPU = Debug|Any CPU
		Release|Any CPU = Release|Any CPU
	EndGlobalSection
	GlobalSection(ProjectConfigurationPlatforms) = postSolution
		{D7BDFB26-201F-4988-94C2-C97B315ED7B1}.Debug|Any CPU.ActiveCfg = Debug|Any CPU
		{D7BDFB26-201F-4988-94C2-C97B315ED7B1}.Debug|Any CPU.Build.0 = Debug|Any CPU
		{D7BDFB26-201F-4988-94C2-C97B315ED7B1}.Release|Any CPU.ActiveCfg = Release|Any CPU
		{D7BDFB26-201F-4988-94C2-C97B315ED7B1}.Release|Any CPU.Build.0 = Release|Any CPU
		{E324C6E0-DC99-4B97-9463-7B88B822DC68}.Debug|Any CPU.ActiveCfg = Debug|Any CPU
		{E324C6E0-DC99-4B97-9463-7B88B822DC68}.Debug|Any CPU.Build.0 = Debug|Any CPU
		{E324C6E0-DC99-4B97-9463-7B88B822DC68}.Release|Any CPU.ActiveCfg = Release|Any CPU
		{E324C6E0-DC99-4B97-9463-7B88B822DC68}.Release|Any CPU.Build.0 = Release|Any CPU
	EndGlobalSection
	GlobalSection(SolutionProperties) = preSolution
		HideSolutionNode = FALSE
	EndGlobalSection
	GlobalSection(ExtensibilityGlobals) = postSolution
		SolutionGuid = {FED71227-471B-473E-B2A4-EB9553752288}
	EndGlobalSection
EndGlobal
